# THIS IS AN AUTOGENERATED FILE. DO NOT EDIT THIS FILE DIRECTLY.
# yarn lockfile v1


"@sanity/cli@^2.29.5":
  version "2.29.5"
  resolved "https://registry.yarnpkg.com/@sanity/cli/-/cli-2.29.5.tgz#694aa11c6604b4eb7a0db222d5536c07739f214b"
  integrity sha512-wAe9JOMWaClnJIE/TkJ06Fbbaln+/bvLCPU05ya3bU3CaK9uscH6f31kh4GunDZicMNSG9Hd8hVk/MqX0kkYYQ==
